
Microsoft Visual Studio Solution File, Format Version 12.00
# Visual Studio 14
VisualStudioVersion = 14.0.25420.1
MinimumVisualStudioVersion = 10.0.40219.1
Project("{FAE04EC0-301F-11D3-BF4B-00C04F79EFBC}") = "CarPool.Clients.Core", "src\CarPool.Clients\CarPool.Clients.Core.csproj", "{8234C32E-9D14-4B48-A34D-114A529989DA}"
EndProject
Project("{FAE04EC0-301F-11D3-BF4B-00C04F79EFBC}") = "CarPool.Clients.iOS", "src\CarPool.Clients.iOS\CarPool.Clients.iOS.csproj", "{4258EBB1-5E82-4DB2-B48A-A36088F4018D}"
EndProject
Global
	GlobalSection(SolutionConfigurationPlatforms) = preSolution
		Ad-Hoc|Any CPU = Ad-Hoc|Any CPU
		Ad-Hoc|iPhone = Ad-Hoc|iPhone
		Ad-Hoc|iPhoneSimulator = Ad-Hoc|iPhoneSimulator
		AppStore|Any CPU = AppStore|Any CPU
		AppStore|iPhone = AppStore|iPhone
		AppStore|iPhoneSimulator = AppStore|iPhoneSimulator
		Debug|Any CPU = Debug|Any CPU
		Debug|iPhone = Debug|iPhone
		Debug|iPhoneSimulator = Debug|iPhoneSimulator
		Release|Any CPU = Release|Any CPU
		Release|iPhone = Release|iPhone
		Release|iPhoneSimulator = Release|iPhoneSimulator
	EndGlobalSection
	GlobalSection(ProjectConfigurationPlatforms) = postSolution
		{8234C32E-9D14-4B48-A34D-114A529989DA}.Ad-Hoc|Any CPU.ActiveCfg = Release|Any CPU
		{8234C32E-9D14-4B48-A34D-114A529989DA}.Ad-Hoc|Any CPU.Build.0 = Release|Any CPU
		{8234C32E-9D14-4B48-A34D-114A529989DA}.Ad-Hoc|iPhone.ActiveCfg = Release|Any CPU
		{8234C32E-9D14-4B48-A34D-114A529989DA}.Ad-Hoc|iPhone.Build.0 = Release|Any CPU
		{8234C32E-9D14-4B48-A34D-114A529989DA}.Ad-Hoc|iPhoneSimulator.ActiveCfg = Release|Any CPU
		{8234C32E-9D14-4B48-A34D-114A529989DA}.Ad-Hoc|iPhoneSimulator.Build.0 = Release|Any CPU
		{8234C32E-9D14-4B48-A34D-114A529989DA}.AppStore|Any CPU.ActiveCfg = Release|Any CPU
		{8234C32E-9D14-4B48-A34D-114A529989DA}.AppStore|Any CPU.Build.0 = Release|Any CPU
		{8234C32E-9D14-4B48-A34D-114A529989DA}.AppStore|iPhone.ActiveCfg = Release|Any CPU
		{8234C32E-9D14-4B48-A34D-114A529989DA}.AppStore|iPhone.Build.0 = Release|Any CPU
		{8234C32E-9D14-4B48-A34D-114A529989DA}.AppStore|iPhoneSimulator.ActiveCfg = Release|Any CPU
		{8234C32E-9D14-4B48-A34D-114A529989DA}.AppStore|iPhoneSimulator.Build.0 = Release|Any CPU
		{8234C32E-9D14-4B48-A34D-114A529989DA}.Debug|Any CPU.ActiveCfg = Debug|Any CPU
		{8234C32E-9D14-4B48-A34D-114A529989DA}.Debug|Any CPU.Build.0 = Debug|Any CPU
		{8234C32E-9D14-4B48-A34D-114A529989DA}.Debug|iPhone.ActiveCfg = Debug|Any CPU
		{8234C32E-9D14-4B48-A34D-114A529989DA}.Debug|iPhone.Build.0 = Debug|Any CPU
		{8234C32E-9D14-4B48-A34D-114A529989DA}.Debug|iPhoneSimulator.ActiveCfg = Debug|Any CPU
		{8234C32E-9D14-4B48-A34D-114A529989DA}.Debug|iPhoneSimulator.Build.0 = Debug|Any CPU
		{8234C32E-9D14-4B48-A34D-114A529989DA}.Release|Any CPU.ActiveCfg = Release|Any CPU
		{8234C32E-9D14-4B48-A34D-114A529989DA}.Release|Any CPU.Build.0 = Release|Any CPU
		{8234C32E-9D14-4B48-A34D-114A529989DA}.Release|iPhone.ActiveCfg = Release|Any CPU
		{8234C32E-9D14-4B48-A34D-114A529989DA}.Release|iPhone.Build.0 = Release|Any CPU
		{8234C32E-9D14-4B48-A34D-114A529989DA}.Release|iPhoneSimulator.ActiveCfg = Release|Any CPU
		{8234C32E-9D14-4B48-A34D-114A529989DA}.Release|iPhoneSimulator.Build.0 = Release|Any CPU
		{4258EBB1-5E82-4DB2-B48A-A36088F4018D}.Ad-Hoc|Any CPU.ActiveCfg = Ad-Hoc|iPhone
		{4258EBB1-5E82-4DB2-B48A-A36088F4018D}.Ad-Hoc|iPhone.ActiveCfg = Ad-Hoc|iPhone
		{4258EBB1-5E82-4DB2-B48A-A36088F4018D}.Ad-Hoc|iPhone.Build.0 = Ad-Hoc|iPhone
		{4258EBB1-5E82-4DB2-B48A-A36088F4018D}.Ad-Hoc|iPhoneSimulator.ActiveCfg = Ad-Hoc|iPhoneSimulator
		{4258EBB1-5E82-4DB2-B48A-A36088F4018D}.Ad-Hoc|iPhoneSimulator.Build.0 = Ad-Hoc|iPhoneSimulator
		{4258EBB1-5E82-4DB2-B48A-A36088F4018D}.AppStore|Any CPU.ActiveCfg = AppStore|iPhone
		{4258EBB1-5E82-4DB2-B48A-A36088F4018D}.AppStore|iPhone.ActiveCfg = AppStore|iPhone
		{4258EBB1-5E82-4DB2-B48A-A36088F4018D}.AppStore|iPhone.Build.0 = AppStore|iPhone
		{4258EBB1-5E82-4DB2-B48A-A36088F4018D}.AppStore|iPhoneSimulator.ActiveCfg = AppStore|iPhoneSimulator
		{4258EBB1-5E82-4DB2-B48A-A36088F4018D}.AppStore|iPhoneSimulator.Build.0 = AppStore|iPhoneSimulator
		{4258EBB1-5E82-4DB2-B48A-A36088F4018D}.Debug|Any CPU.ActiveCfg = Debug|iPhone
		{4258EBB1-5E82-4DB2-B48A-A36088F4018D}.Debug|iPhone.ActiveCfg = Debug|iPhone
		{4258EBB1-5E82-4DB2-B48A-A36088F4018D}.Debug|iPhone.Build.0 = Debug|iPhone
		{4258EBB1-5E82-4DB2-B48A-A36088F4018D}.Debug|iPhoneSimulator.ActiveCfg = Debug|iPhoneSimulator
		{4258EBB1-5E82-4DB2-B48A-A36088F4018D}.Debug|iPhoneSimulator.Build.0 = Debug|iPhoneSimulator
		{4258EBB1-5E82-4DB2-B48A-A36088F4018D}.Release|Any CPU.ActiveCfg = Release|iPhone
		{4258EBB1-5E82-4DB2-B48A-A36088F4018D}.Release|iPhone.ActiveCfg = Release|iPhone
		{4258EBB1-5E82-4DB2-B48A-A36088F4018D}.Release|iPhone.Build.0 = Release|iPhone
		{4258EBB1-5E82-4DB2-B48A-A36088F4018D}.Release|iPhoneSimulator.ActiveCfg = Release|iPhoneSimulator
		{4258EBB1-5E82-4DB2-B48A-A36088F4018D}.Release|iPhoneSimulator.Build.0 = Release|iPhoneSimulator
	EndGlobalSection
	GlobalSection(SolutionProperties) = preSolution
		HideSolutionNode = FALSE
	EndGlobalSection
EndGlobal
