
Microsoft Visual Studio Solution File, Format Version 12.00
# Visual Studio 14
VisualStudioVersion = 14.0.25420.1
MinimumVisualStudioVersion = 10.0.40219.1
Project("{FAE04EC0-301F-11D3-BF4B-00C04F79EFBC}") = "CarPool.Clients.Core", "src\CarPool.Clients\CarPool.Clients.Core.csproj", "{8234C32E-9D14-4B48-A34D-114A529989DA}"
EndProject
Project("{FAE04EC0-301F-11D3-BF4B-00C04F79EFBC}") = "CarPool.Clients.Android", "src\CarPool.Clients.Android\CarPool.Clients.Android.csproj", "{EE2E2EFC-68BD-4C37-BEBD-B08C0121D6C9}"
EndProject
Global
	GlobalSection(SolutionConfigurationPlatforms) = preSolution
		Debug|Any CPU = Debug|Any CPU
		Release|Any CPU = Release|Any CPU
	EndGlobalSection
	GlobalSection(ProjectConfigurationPlatforms) = postSolution
		{8234C32E-9D14-4B48-A34D-114A529989DA}.Debug|Any CPU.ActiveCfg = Debug|Any CPU
		{8234C32E-9D14-4B48-A34D-114A529989DA}.Debug|Any CPU.Build.0 = Debug|Any CPU
		{8234C32E-9D14-4B48-A34D-114A529989DA}.Release|Any CPU.ActiveCfg = Release|Any CPU
		{8234C32E-9D14-4B48-A34D-114A529989DA}.Release|Any CPU.Build.0 = Release|Any CPU
		{EE2E2EFC-68BD-4C37-BEBD-B08C0121D6C9}.Debug|Any CPU.ActiveCfg = Debug|Any CPU
		{EE2E2EFC-68BD-4C37-BEBD-B08C0121D6C9}.Debug|Any CPU.Build.0 = Debug|Any CPU
		{EE2E2EFC-68BD-4C37-BEBD-B08C0121D6C9}.Debug|Any CPU.Deploy.0 = Debug|Any CPU
		{EE2E2EFC-68BD-4C37-BEBD-B08C0121D6C9}.Release|Any CPU.ActiveCfg = Release|Any CPU
		{EE2E2EFC-68BD-4C37-BEBD-B08C0121D6C9}.Release|Any CPU.Build.0 = Release|Any CPU
		{EE2E2EFC-68BD-4C37-BEBD-B08C0121D6C9}.Release|Any CPU.Deploy.0 = Release|Any CPU
	EndGlobalSection
	GlobalSection(SolutionProperties) = preSolution
		HideSolutionNode = FALSE
	EndGlobalSection
EndGlobal
