
Microsoft Visual Studio Solution File, Format Version 12.00
# Visual Studio 14
VisualStudioVersion = 14.0.25420.1
MinimumVisualStudioVersion = 10.0.40219.1
Project("{FAE04EC0-301F-11D3-BF4B-00C04F79EFBC}") = "WorkRides.Clients.Core", "src\WorkRides.Clients\WorkRides.Clients.Core.csproj", "{8234C32E-9D14-4B48-A34D-114A529989DA}"
EndProject
Project("{FAE04EC0-301F-11D3-BF4B-00C04F79EFBC}") = "WorkRides.Clients.Android", "src\WorkRides.Clients.Android\WorkRides.Clients.Android.csproj", "{EE2E2EFC-68BD-4C37-BEBD-B08C0121D6C9}"
EndProject
Project("{FAE04EC0-301F-11D3-BF4B-00C04F79EFBC}") = "WorkRides.Clients.iOS", "src\WorkRides.Clients.iOS\WorkRides.Clients.iOS.csproj", "{4258EBB1-5E82-4DB2-B48A-A36088F4018D}"
EndProject
Project("{FAE04EC0-301F-11D3-BF4B-00C04F79EFBC}") = "WorkRides.Clients.UWP", "src\WorkRides.Clients.UWP\WorkRides.Clients.UWP.csproj", "{35C25BC5-01E3-4D79-BF66-EDBFEF0D2291}"
EndProject
Project("{2150E333-8FDC-42A3-9474-1A3956D46DE8}") = "Mobile Apps", "Mobile Apps", "{EFB17025-48C6-4CDC-B6F1-0469F0A51EEE}"
EndProject
Project("{2150E333-8FDC-42A3-9474-1A3956D46DE8}") = "Shared Code", "Shared Code", "{68B80477-0788-4D7B-8798-5AEFE0F1F012}"
EndProject
Project("{2150E333-8FDC-42A3-9474-1A3956D46DE8}") = "Targets", "Targets", "{9F528E2D-F241-4F47-9F29-4AF8C6192E06}"
EndProject
Project("{2150E333-8FDC-42A3-9474-1A3956D46DE8}") = "Tests", "Tests", "{D9DF4172-DEA3-4F0B-AAE2-2B792423B3D2}"
EndProject
Project("{FAE04EC0-301F-11D3-BF4B-00C04F79EFBC}") = "WorkRides.Clients.Tests", "src\WorkRides.Clients.Tests\WorkRides.Clients.Tests.csproj", "{CB03586A-FB6A-4FDA-9737-99885EB49373}"
EndProject
Project("{2150E333-8FDC-42A3-9474-1A3956D46DE8}") = "Backend", "Backend", "{C9BCA4F1-F1AF-4BF3-AA0F-225D0880AB68}"
EndProject
Project("{FAE04EC0-301F-11D3-BF4B-00C04F79EFBC}") = "WorkRides.Web", "src\WorkRides.Web\WorkRides.Web.csproj", "{2A8D9051-C583-4B4D-ACF0-66E1BBF53C7B}"
EndProject
Project("{FAE04EC0-301F-11D3-BF4B-00C04F79EFBC}") = "WorkRides.Web.Library", "src\WorkRides.Web.Library\WorkRides.Web.Library\WorkRides.Web.Library.csproj", "{615C1268-A9EB-407C-84CF-A2824CE5D73B}"
EndProject
Project("{FAE04EC0-301F-11D3-BF4B-00C04F79EFBC}") = "WorkRides.WebApp", "src\WorkRides.WebApp\WorkRides.WebApp.csproj", "{2F93CD47-BA7D-4F88-8338-F8CC2E220C7A}"
EndProject
Global
	GlobalSection(SolutionConfigurationPlatforms) = preSolution
		Ad-Hoc|Any CPU = Ad-Hoc|Any CPU
		Ad-Hoc|ARM = Ad-Hoc|ARM
		Ad-Hoc|iPhone = Ad-Hoc|iPhone
		Ad-Hoc|iPhoneSimulator = Ad-Hoc|iPhoneSimulator
		Ad-Hoc|x64 = Ad-Hoc|x64
		Ad-Hoc|x86 = Ad-Hoc|x86
		AppStore|Any CPU = AppStore|Any CPU
		AppStore|ARM = AppStore|ARM
		AppStore|iPhone = AppStore|iPhone
		AppStore|iPhoneSimulator = AppStore|iPhoneSimulator
		AppStore|x64 = AppStore|x64
		AppStore|x86 = AppStore|x86
		Debug|Any CPU = Debug|Any CPU
		Debug|ARM = Debug|ARM
		Debug|iPhone = Debug|iPhone
		Debug|iPhoneSimulator = Debug|iPhoneSimulator
		Debug|x64 = Debug|x64
		Debug|x86 = Debug|x86
		Release|Any CPU = Release|Any CPU
		Release|ARM = Release|ARM
		Release|iPhone = Release|iPhone
		Release|iPhoneSimulator = Release|iPhoneSimulator
		Release|x64 = Release|x64
		Release|x86 = Release|x86
	EndGlobalSection
	GlobalSection(ProjectConfigurationPlatforms) = postSolution
		{8234C32E-9D14-4B48-A34D-114A529989DA}.Ad-Hoc|Any CPU.ActiveCfg = Release|Any CPU
		{8234C32E-9D14-4B48-A34D-114A529989DA}.Ad-Hoc|Any CPU.Build.0 = Release|Any CPU
		{8234C32E-9D14-4B48-A34D-114A529989DA}.Ad-Hoc|ARM.ActiveCfg = Release|Any CPU
		{8234C32E-9D14-4B48-A34D-114A529989DA}.Ad-Hoc|ARM.Build.0 = Release|Any CPU
		{8234C32E-9D14-4B48-A34D-114A529989DA}.Ad-Hoc|iPhone.ActiveCfg = Release|Any CPU
		{8234C32E-9D14-4B48-A34D-114A529989DA}.Ad-Hoc|iPhone.Build.0 = Release|Any CPU
		{8234C32E-9D14-4B48-A34D-114A529989DA}.Ad-Hoc|iPhoneSimulator.ActiveCfg = Release|Any CPU
		{8234C32E-9D14-4B48-A34D-114A529989DA}.Ad-Hoc|iPhoneSimulator.Build.0 = Release|Any CPU
		{8234C32E-9D14-4B48-A34D-114A529989DA}.Ad-Hoc|x64.ActiveCfg = Release|Any CPU
		{8234C32E-9D14-4B48-A34D-114A529989DA}.Ad-Hoc|x64.Build.0 = Release|Any CPU
		{8234C32E-9D14-4B48-A34D-114A529989DA}.Ad-Hoc|x86.ActiveCfg = Release|Any CPU
		{8234C32E-9D14-4B48-A34D-114A529989DA}.Ad-Hoc|x86.Build.0 = Release|Any CPU
		{8234C32E-9D14-4B48-A34D-114A529989DA}.AppStore|Any CPU.ActiveCfg = Release|Any CPU
		{8234C32E-9D14-4B48-A34D-114A529989DA}.AppStore|Any CPU.Build.0 = Release|Any CPU
		{8234C32E-9D14-4B48-A34D-114A529989DA}.AppStore|ARM.ActiveCfg = Release|Any CPU
		{8234C32E-9D14-4B48-A34D-114A529989DA}.AppStore|ARM.Build.0 = Release|Any CPU
		{8234C32E-9D14-4B48-A34D-114A529989DA}.AppStore|iPhone.ActiveCfg = Release|Any CPU
		{8234C32E-9D14-4B48-A34D-114A529989DA}.AppStore|iPhone.Build.0 = Release|Any CPU
		{8234C32E-9D14-4B48-A34D-114A529989DA}.AppStore|iPhoneSimulator.ActiveCfg = Release|Any CPU
		{8234C32E-9D14-4B48-A34D-114A529989DA}.AppStore|iPhoneSimulator.Build.0 = Release|Any CPU
		{8234C32E-9D14-4B48-A34D-114A529989DA}.AppStore|x64.ActiveCfg = Release|Any CPU
		{8234C32E-9D14-4B48-A34D-114A529989DA}.AppStore|x64.Build.0 = Release|Any CPU
		{8234C32E-9D14-4B48-A34D-114A529989DA}.AppStore|x86.ActiveCfg = Release|Any CPU
		{8234C32E-9D14-4B48-A34D-114A529989DA}.AppStore|x86.Build.0 = Release|Any CPU
		{8234C32E-9D14-4B48-A34D-114A529989DA}.Debug|Any CPU.ActiveCfg = Debug|Any CPU
		{8234C32E-9D14-4B48-A34D-114A529989DA}.Debug|Any CPU.Build.0 = Debug|Any CPU
		{8234C32E-9D14-4B48-A34D-114A529989DA}.Debug|ARM.ActiveCfg = Debug|Any CPU
		{8234C32E-9D14-4B48-A34D-114A529989DA}.Debug|ARM.Build.0 = Debug|Any CPU
		{8234C32E-9D14-4B48-A34D-114A529989DA}.Debug|iPhone.ActiveCfg = Debug|Any CPU
		{8234C32E-9D14-4B48-A34D-114A529989DA}.Debug|iPhone.Build.0 = Debug|Any CPU
		{8234C32E-9D14-4B48-A34D-114A529989DA}.Debug|iPhoneSimulator.ActiveCfg = Debug|Any CPU
		{8234C32E-9D14-4B48-A34D-114A529989DA}.Debug|iPhoneSimulator.Build.0 = Debug|Any CPU
		{8234C32E-9D14-4B48-A34D-114A529989DA}.Debug|iPhoneSimulator.Deploy.0 = Debug|Any CPU
		{8234C32E-9D14-4B48-A34D-114A529989DA}.Debug|x64.ActiveCfg = Debug|Any CPU
		{8234C32E-9D14-4B48-A34D-114A529989DA}.Debug|x64.Build.0 = Debug|Any CPU
		{8234C32E-9D14-4B48-A34D-114A529989DA}.Debug|x86.ActiveCfg = Debug|Any CPU
		{8234C32E-9D14-4B48-A34D-114A529989DA}.Debug|x86.Build.0 = Debug|Any CPU
		{8234C32E-9D14-4B48-A34D-114A529989DA}.Debug|x86.Deploy.0 = Debug|Any CPU
		{8234C32E-9D14-4B48-A34D-114A529989DA}.Release|Any CPU.ActiveCfg = Release|Any CPU
		{8234C32E-9D14-4B48-A34D-114A529989DA}.Release|Any CPU.Build.0 = Release|Any CPU
		{8234C32E-9D14-4B48-A34D-114A529989DA}.Release|ARM.ActiveCfg = Release|Any CPU
		{8234C32E-9D14-4B48-A34D-114A529989DA}.Release|ARM.Build.0 = Release|Any CPU
		{8234C32E-9D14-4B48-A34D-114A529989DA}.Release|iPhone.ActiveCfg = Release|Any CPU
		{8234C32E-9D14-4B48-A34D-114A529989DA}.Release|iPhone.Build.0 = Release|Any CPU
		{8234C32E-9D14-4B48-A34D-114A529989DA}.Release|iPhoneSimulator.ActiveCfg = Release|Any CPU
		{8234C32E-9D14-4B48-A34D-114A529989DA}.Release|iPhoneSimulator.Build.0 = Release|Any CPU
		{8234C32E-9D14-4B48-A34D-114A529989DA}.Release|x64.ActiveCfg = Release|Any CPU
		{8234C32E-9D14-4B48-A34D-114A529989DA}.Release|x64.Build.0 = Release|Any CPU
		{8234C32E-9D14-4B48-A34D-114A529989DA}.Release|x86.ActiveCfg = Release|Any CPU
		{8234C32E-9D14-4B48-A34D-114A529989DA}.Release|x86.Build.0 = Release|Any CPU
		{EE2E2EFC-68BD-4C37-BEBD-B08C0121D6C9}.Ad-Hoc|Any CPU.ActiveCfg = Release|Any CPU
		{EE2E2EFC-68BD-4C37-BEBD-B08C0121D6C9}.Ad-Hoc|Any CPU.Build.0 = Release|Any CPU
		{EE2E2EFC-68BD-4C37-BEBD-B08C0121D6C9}.Ad-Hoc|Any CPU.Deploy.0 = Release|Any CPU
		{EE2E2EFC-68BD-4C37-BEBD-B08C0121D6C9}.Ad-Hoc|ARM.ActiveCfg = Release|Any CPU
		{EE2E2EFC-68BD-4C37-BEBD-B08C0121D6C9}.Ad-Hoc|ARM.Build.0 = Release|Any CPU
		{EE2E2EFC-68BD-4C37-BEBD-B08C0121D6C9}.Ad-Hoc|ARM.Deploy.0 = Release|Any CPU
		{EE2E2EFC-68BD-4C37-BEBD-B08C0121D6C9}.Ad-Hoc|iPhone.ActiveCfg = Release|Any CPU
		{EE2E2EFC-68BD-4C37-BEBD-B08C0121D6C9}.Ad-Hoc|iPhone.Build.0 = Release|Any CPU
		{EE2E2EFC-68BD-4C37-BEBD-B08C0121D6C9}.Ad-Hoc|iPhone.Deploy.0 = Release|Any CPU
		{EE2E2EFC-68BD-4C37-BEBD-B08C0121D6C9}.Ad-Hoc|iPhoneSimulator.ActiveCfg = Release|Any CPU
		{EE2E2EFC-68BD-4C37-BEBD-B08C0121D6C9}.Ad-Hoc|iPhoneSimulator.Build.0 = Release|Any CPU
		{EE2E2EFC-68BD-4C37-BEBD-B08C0121D6C9}.Ad-Hoc|iPhoneSimulator.Deploy.0 = Release|Any CPU
		{EE2E2EFC-68BD-4C37-BEBD-B08C0121D6C9}.Ad-Hoc|x64.ActiveCfg = Release|Any CPU
		{EE2E2EFC-68BD-4C37-BEBD-B08C0121D6C9}.Ad-Hoc|x64.Build.0 = Release|Any CPU
		{EE2E2EFC-68BD-4C37-BEBD-B08C0121D6C9}.Ad-Hoc|x64.Deploy.0 = Release|Any CPU
		{EE2E2EFC-68BD-4C37-BEBD-B08C0121D6C9}.Ad-Hoc|x86.ActiveCfg = Release|Any CPU
		{EE2E2EFC-68BD-4C37-BEBD-B08C0121D6C9}.Ad-Hoc|x86.Build.0 = Release|Any CPU
		{EE2E2EFC-68BD-4C37-BEBD-B08C0121D6C9}.Ad-Hoc|x86.Deploy.0 = Release|Any CPU
		{EE2E2EFC-68BD-4C37-BEBD-B08C0121D6C9}.AppStore|Any CPU.ActiveCfg = Release|Any CPU
		{EE2E2EFC-68BD-4C37-BEBD-B08C0121D6C9}.AppStore|Any CPU.Build.0 = Release|Any CPU
		{EE2E2EFC-68BD-4C37-BEBD-B08C0121D6C9}.AppStore|Any CPU.Deploy.0 = Release|Any CPU
		{EE2E2EFC-68BD-4C37-BEBD-B08C0121D6C9}.AppStore|ARM.ActiveCfg = Release|Any CPU
		{EE2E2EFC-68BD-4C37-BEBD-B08C0121D6C9}.AppStore|ARM.Build.0 = Release|Any CPU
		{EE2E2EFC-68BD-4C37-BEBD-B08C0121D6C9}.AppStore|ARM.Deploy.0 = Release|Any CPU
		{EE2E2EFC-68BD-4C37-BEBD-B08C0121D6C9}.AppStore|iPhone.ActiveCfg = Release|Any CPU
		{EE2E2EFC-68BD-4C37-BEBD-B08C0121D6C9}.AppStore|iPhone.Build.0 = Release|Any CPU
		{EE2E2EFC-68BD-4C37-BEBD-B08C0121D6C9}.AppStore|iPhone.Deploy.0 = Release|Any CPU
		{EE2E2EFC-68BD-4C37-BEBD-B08C0121D6C9}.AppStore|iPhoneSimulator.ActiveCfg = Release|Any CPU
		{EE2E2EFC-68BD-4C37-BEBD-B08C0121D6C9}.AppStore|iPhoneSimulator.Build.0 = Release|Any CPU
		{EE2E2EFC-68BD-4C37-BEBD-B08C0121D6C9}.AppStore|iPhoneSimulator.Deploy.0 = Release|Any CPU
		{EE2E2EFC-68BD-4C37-BEBD-B08C0121D6C9}.AppStore|x64.ActiveCfg = Release|Any CPU
		{EE2E2EFC-68BD-4C37-BEBD-B08C0121D6C9}.AppStore|x64.Build.0 = Release|Any CPU
		{EE2E2EFC-68BD-4C37-BEBD-B08C0121D6C9}.AppStore|x64.Deploy.0 = Release|Any CPU
		{EE2E2EFC-68BD-4C37-BEBD-B08C0121D6C9}.AppStore|x86.ActiveCfg = Release|Any CPU
		{EE2E2EFC-68BD-4C37-BEBD-B08C0121D6C9}.AppStore|x86.Build.0 = Release|Any CPU
		{EE2E2EFC-68BD-4C37-BEBD-B08C0121D6C9}.AppStore|x86.Deploy.0 = Release|Any CPU
		{EE2E2EFC-68BD-4C37-BEBD-B08C0121D6C9}.Debug|Any CPU.ActiveCfg = Debug|Any CPU
		{EE2E2EFC-68BD-4C37-BEBD-B08C0121D6C9}.Debug|Any CPU.Build.0 = Debug|Any CPU
		{EE2E2EFC-68BD-4C37-BEBD-B08C0121D6C9}.Debug|Any CPU.Deploy.0 = Debug|Any CPU
		{EE2E2EFC-68BD-4C37-BEBD-B08C0121D6C9}.Debug|ARM.ActiveCfg = Debug|Any CPU
		{EE2E2EFC-68BD-4C37-BEBD-B08C0121D6C9}.Debug|ARM.Build.0 = Debug|Any CPU
		{EE2E2EFC-68BD-4C37-BEBD-B08C0121D6C9}.Debug|ARM.Deploy.0 = Debug|Any CPU
		{EE2E2EFC-68BD-4C37-BEBD-B08C0121D6C9}.Debug|iPhone.ActiveCfg = Debug|Any CPU
		{EE2E2EFC-68BD-4C37-BEBD-B08C0121D6C9}.Debug|iPhone.Build.0 = Debug|Any CPU
		{EE2E2EFC-68BD-4C37-BEBD-B08C0121D6C9}.Debug|iPhone.Deploy.0 = Debug|Any CPU
		{EE2E2EFC-68BD-4C37-BEBD-B08C0121D6C9}.Debug|iPhoneSimulator.ActiveCfg = Debug|Any CPU
		{EE2E2EFC-68BD-4C37-BEBD-B08C0121D6C9}.Debug|iPhoneSimulator.Build.0 = Debug|Any CPU
		{EE2E2EFC-68BD-4C37-BEBD-B08C0121D6C9}.Debug|iPhoneSimulator.Deploy.0 = Debug|Any CPU
		{EE2E2EFC-68BD-4C37-BEBD-B08C0121D6C9}.Debug|x64.ActiveCfg = Debug|Any CPU
		{EE2E2EFC-68BD-4C37-BEBD-B08C0121D6C9}.Debug|x64.Build.0 = Debug|Any CPU
		{EE2E2EFC-68BD-4C37-BEBD-B08C0121D6C9}.Debug|x64.Deploy.0 = Debug|Any CPU
		{EE2E2EFC-68BD-4C37-BEBD-B08C0121D6C9}.Debug|x86.ActiveCfg = Debug|Any CPU
		{EE2E2EFC-68BD-4C37-BEBD-B08C0121D6C9}.Debug|x86.Build.0 = Debug|Any CPU
		{EE2E2EFC-68BD-4C37-BEBD-B08C0121D6C9}.Debug|x86.Deploy.0 = Debug|Any CPU
		{EE2E2EFC-68BD-4C37-BEBD-B08C0121D6C9}.Release|Any CPU.ActiveCfg = Release|Any CPU
		{EE2E2EFC-68BD-4C37-BEBD-B08C0121D6C9}.Release|Any CPU.Build.0 = Release|Any CPU
		{EE2E2EFC-68BD-4C37-BEBD-B08C0121D6C9}.Release|Any CPU.Deploy.0 = Release|Any CPU
		{EE2E2EFC-68BD-4C37-BEBD-B08C0121D6C9}.Release|ARM.ActiveCfg = Release|Any CPU
		{EE2E2EFC-68BD-4C37-BEBD-B08C0121D6C9}.Release|ARM.Build.0 = Release|Any CPU
		{EE2E2EFC-68BD-4C37-BEBD-B08C0121D6C9}.Release|ARM.Deploy.0 = Release|Any CPU
		{EE2E2EFC-68BD-4C37-BEBD-B08C0121D6C9}.Release|iPhone.ActiveCfg = Release|Any CPU
		{EE2E2EFC-68BD-4C37-BEBD-B08C0121D6C9}.Release|iPhone.Build.0 = Release|Any CPU
		{EE2E2EFC-68BD-4C37-BEBD-B08C0121D6C9}.Release|iPhone.Deploy.0 = Release|Any CPU
		{EE2E2EFC-68BD-4C37-BEBD-B08C0121D6C9}.Release|iPhoneSimulator.ActiveCfg = Release|Any CPU
		{EE2E2EFC-68BD-4C37-BEBD-B08C0121D6C9}.Release|iPhoneSimulator.Build.0 = Release|Any CPU
		{EE2E2EFC-68BD-4C37-BEBD-B08C0121D6C9}.Release|iPhoneSimulator.Deploy.0 = Release|Any CPU
		{EE2E2EFC-68BD-4C37-BEBD-B08C0121D6C9}.Release|x64.ActiveCfg = Release|Any CPU
		{EE2E2EFC-68BD-4C37-BEBD-B08C0121D6C9}.Release|x64.Build.0 = Release|Any CPU
		{EE2E2EFC-68BD-4C37-BEBD-B08C0121D6C9}.Release|x64.Deploy.0 = Release|Any CPU
		{EE2E2EFC-68BD-4C37-BEBD-B08C0121D6C9}.Release|x86.ActiveCfg = Release|Any CPU
		{EE2E2EFC-68BD-4C37-BEBD-B08C0121D6C9}.Release|x86.Build.0 = Release|Any CPU
		{EE2E2EFC-68BD-4C37-BEBD-B08C0121D6C9}.Release|x86.Deploy.0 = Release|Any CPU
		{4258EBB1-5E82-4DB2-B48A-A36088F4018D}.Ad-Hoc|Any CPU.ActiveCfg = Ad-Hoc|iPhone
		{4258EBB1-5E82-4DB2-B48A-A36088F4018D}.Ad-Hoc|ARM.ActiveCfg = Ad-Hoc|iPhone
		{4258EBB1-5E82-4DB2-B48A-A36088F4018D}.Ad-Hoc|iPhone.ActiveCfg = Ad-Hoc|iPhone
		{4258EBB1-5E82-4DB2-B48A-A36088F4018D}.Ad-Hoc|iPhone.Build.0 = Ad-Hoc|iPhone
		{4258EBB1-5E82-4DB2-B48A-A36088F4018D}.Ad-Hoc|iPhoneSimulator.ActiveCfg = Ad-Hoc|iPhoneSimulator
		{4258EBB1-5E82-4DB2-B48A-A36088F4018D}.Ad-Hoc|iPhoneSimulator.Build.0 = Ad-Hoc|iPhoneSimulator
		{4258EBB1-5E82-4DB2-B48A-A36088F4018D}.Ad-Hoc|x64.ActiveCfg = Ad-Hoc|iPhone
		{4258EBB1-5E82-4DB2-B48A-A36088F4018D}.Ad-Hoc|x86.ActiveCfg = Ad-Hoc|iPhone
		{4258EBB1-5E82-4DB2-B48A-A36088F4018D}.AppStore|Any CPU.ActiveCfg = AppStore|iPhone
		{4258EBB1-5E82-4DB2-B48A-A36088F4018D}.AppStore|ARM.ActiveCfg = AppStore|iPhone
		{4258EBB1-5E82-4DB2-B48A-A36088F4018D}.AppStore|iPhone.ActiveCfg = AppStore|iPhone
		{4258EBB1-5E82-4DB2-B48A-A36088F4018D}.AppStore|iPhone.Build.0 = AppStore|iPhone
		{4258EBB1-5E82-4DB2-B48A-A36088F4018D}.AppStore|iPhoneSimulator.ActiveCfg = AppStore|iPhoneSimulator
		{4258EBB1-5E82-4DB2-B48A-A36088F4018D}.AppStore|iPhoneSimulator.Build.0 = AppStore|iPhoneSimulator
		{4258EBB1-5E82-4DB2-B48A-A36088F4018D}.AppStore|x64.ActiveCfg = AppStore|iPhone
		{4258EBB1-5E82-4DB2-B48A-A36088F4018D}.AppStore|x86.ActiveCfg = AppStore|iPhone
		{4258EBB1-5E82-4DB2-B48A-A36088F4018D}.Debug|Any CPU.ActiveCfg = Debug|iPhone
		{4258EBB1-5E82-4DB2-B48A-A36088F4018D}.Debug|Any CPU.Build.0 = Debug|iPhone
		{4258EBB1-5E82-4DB2-B48A-A36088F4018D}.Debug|ARM.ActiveCfg = Debug|iPhone
		{4258EBB1-5E82-4DB2-B48A-A36088F4018D}.Debug|iPhone.ActiveCfg = Debug|iPhone
		{4258EBB1-5E82-4DB2-B48A-A36088F4018D}.Debug|iPhone.Build.0 = Debug|iPhone
		{4258EBB1-5E82-4DB2-B48A-A36088F4018D}.Debug|iPhoneSimulator.ActiveCfg = Debug|iPhoneSimulator
		{4258EBB1-5E82-4DB2-B48A-A36088F4018D}.Debug|iPhoneSimulator.Build.0 = Debug|iPhoneSimulator
		{4258EBB1-5E82-4DB2-B48A-A36088F4018D}.Debug|x64.ActiveCfg = Debug|iPhone
		{4258EBB1-5E82-4DB2-B48A-A36088F4018D}.Debug|x86.ActiveCfg = Debug|iPhone
		{4258EBB1-5E82-4DB2-B48A-A36088F4018D}.Debug|x86.Build.0 = Debug|iPhone
		{4258EBB1-5E82-4DB2-B48A-A36088F4018D}.Debug|x86.Deploy.0 = Debug|iPhone
		{4258EBB1-5E82-4DB2-B48A-A36088F4018D}.Release|Any CPU.ActiveCfg = Release|iPhone
		{4258EBB1-5E82-4DB2-B48A-A36088F4018D}.Release|Any CPU.Build.0 = Release|iPhone
		{4258EBB1-5E82-4DB2-B48A-A36088F4018D}.Release|ARM.ActiveCfg = Release|iPhone
		{4258EBB1-5E82-4DB2-B48A-A36088F4018D}.Release|iPhone.ActiveCfg = Release|iPhone
		{4258EBB1-5E82-4DB2-B48A-A36088F4018D}.Release|iPhone.Build.0 = Release|iPhone
		{4258EBB1-5E82-4DB2-B48A-A36088F4018D}.Release|iPhoneSimulator.ActiveCfg = Release|iPhoneSimulator
		{4258EBB1-5E82-4DB2-B48A-A36088F4018D}.Release|iPhoneSimulator.Build.0 = Release|iPhoneSimulator
		{4258EBB1-5E82-4DB2-B48A-A36088F4018D}.Release|x64.ActiveCfg = Release|iPhone
		{4258EBB1-5E82-4DB2-B48A-A36088F4018D}.Release|x86.ActiveCfg = Release|iPhone
		{35C25BC5-01E3-4D79-BF66-EDBFEF0D2291}.Ad-Hoc|Any CPU.ActiveCfg = Release|x86
		{35C25BC5-01E3-4D79-BF66-EDBFEF0D2291}.Ad-Hoc|Any CPU.Build.0 = Release|x86
		{35C25BC5-01E3-4D79-BF66-EDBFEF0D2291}.Ad-Hoc|Any CPU.Deploy.0 = Release|x86
		{35C25BC5-01E3-4D79-BF66-EDBFEF0D2291}.Ad-Hoc|ARM.ActiveCfg = Release|ARM
		{35C25BC5-01E3-4D79-BF66-EDBFEF0D2291}.Ad-Hoc|ARM.Build.0 = Release|ARM
		{35C25BC5-01E3-4D79-BF66-EDBFEF0D2291}.Ad-Hoc|ARM.Deploy.0 = Release|ARM
		{35C25BC5-01E3-4D79-BF66-EDBFEF0D2291}.Ad-Hoc|iPhone.ActiveCfg = Release|x86
		{35C25BC5-01E3-4D79-BF66-EDBFEF0D2291}.Ad-Hoc|iPhone.Build.0 = Release|x86
		{35C25BC5-01E3-4D79-BF66-EDBFEF0D2291}.Ad-Hoc|iPhone.Deploy.0 = Release|x86
		{35C25BC5-01E3-4D79-BF66-EDBFEF0D2291}.Ad-Hoc|iPhoneSimulator.ActiveCfg = Release|x86
		{35C25BC5-01E3-4D79-BF66-EDBFEF0D2291}.Ad-Hoc|iPhoneSimulator.Build.0 = Release|x86
		{35C25BC5-01E3-4D79-BF66-EDBFEF0D2291}.Ad-Hoc|iPhoneSimulator.Deploy.0 = Release|x86
		{35C25BC5-01E3-4D79-BF66-EDBFEF0D2291}.Ad-Hoc|x64.ActiveCfg = Release|x64
		{35C25BC5-01E3-4D79-BF66-EDBFEF0D2291}.Ad-Hoc|x64.Build.0 = Release|x64
		{35C25BC5-01E3-4D79-BF66-EDBFEF0D2291}.Ad-Hoc|x64.Deploy.0 = Release|x64
		{35C25BC5-01E3-4D79-BF66-EDBFEF0D2291}.Ad-Hoc|x86.ActiveCfg = Release|x86
		{35C25BC5-01E3-4D79-BF66-EDBFEF0D2291}.Ad-Hoc|x86.Build.0 = Release|x86
		{35C25BC5-01E3-4D79-BF66-EDBFEF0D2291}.Ad-Hoc|x86.Deploy.0 = Release|x86
		{35C25BC5-01E3-4D79-BF66-EDBFEF0D2291}.AppStore|Any CPU.ActiveCfg = Release|x86
		{35C25BC5-01E3-4D79-BF66-EDBFEF0D2291}.AppStore|Any CPU.Build.0 = Release|x86
		{35C25BC5-01E3-4D79-BF66-EDBFEF0D2291}.AppStore|Any CPU.Deploy.0 = Release|x86
		{35C25BC5-01E3-4D79-BF66-EDBFEF0D2291}.AppStore|ARM.ActiveCfg = Release|ARM
		{35C25BC5-01E3-4D79-BF66-EDBFEF0D2291}.AppStore|ARM.Build.0 = Release|ARM
		{35C25BC5-01E3-4D79-BF66-EDBFEF0D2291}.AppStore|ARM.Deploy.0 = Release|ARM
		{35C25BC5-01E3-4D79-BF66-EDBFEF0D2291}.AppStore|iPhone.ActiveCfg = Release|x86
		{35C25BC5-01E3-4D79-BF66-EDBFEF0D2291}.AppStore|iPhone.Build.0 = Release|x86
		{35C25BC5-01E3-4D79-BF66-EDBFEF0D2291}.AppStore|iPhone.Deploy.0 = Release|x86
		{35C25BC5-01E3-4D79-BF66-EDBFEF0D2291}.AppStore|iPhoneSimulator.ActiveCfg = Release|x86
		{35C25BC5-01E3-4D79-BF66-EDBFEF0D2291}.AppStore|iPhoneSimulator.Build.0 = Release|x86
		{35C25BC5-01E3-4D79-BF66-EDBFEF0D2291}.AppStore|iPhoneSimulator.Deploy.0 = Release|x86
		{35C25BC5-01E3-4D79-BF66-EDBFEF0D2291}.AppStore|x64.ActiveCfg = Release|x64
		{35C25BC5-01E3-4D79-BF66-EDBFEF0D2291}.AppStore|x64.Build.0 = Release|x64
		{35C25BC5-01E3-4D79-BF66-EDBFEF0D2291}.AppStore|x64.Deploy.0 = Release|x64
		{35C25BC5-01E3-4D79-BF66-EDBFEF0D2291}.AppStore|x86.ActiveCfg = Release|x86
		{35C25BC5-01E3-4D79-BF66-EDBFEF0D2291}.AppStore|x86.Build.0 = Release|x86
		{35C25BC5-01E3-4D79-BF66-EDBFEF0D2291}.AppStore|x86.Deploy.0 = Release|x86
		{35C25BC5-01E3-4D79-BF66-EDBFEF0D2291}.Debug|Any CPU.ActiveCfg = Debug|x86
		{35C25BC5-01E3-4D79-BF66-EDBFEF0D2291}.Debug|Any CPU.Build.0 = Debug|x86
		{35C25BC5-01E3-4D79-BF66-EDBFEF0D2291}.Debug|Any CPU.Deploy.0 = Debug|x86
		{35C25BC5-01E3-4D79-BF66-EDBFEF0D2291}.Debug|ARM.ActiveCfg = Debug|ARM
		{35C25BC5-01E3-4D79-BF66-EDBFEF0D2291}.Debug|ARM.Build.0 = Debug|ARM
		{35C25BC5-01E3-4D79-BF66-EDBFEF0D2291}.Debug|ARM.Deploy.0 = Debug|ARM
		{35C25BC5-01E3-4D79-BF66-EDBFEF0D2291}.Debug|iPhone.ActiveCfg = Debug|x86
		{35C25BC5-01E3-4D79-BF66-EDBFEF0D2291}.Debug|iPhoneSimulator.ActiveCfg = Debug|x86
		{35C25BC5-01E3-4D79-BF66-EDBFEF0D2291}.Debug|iPhoneSimulator.Build.0 = Debug|x86
		{35C25BC5-01E3-4D79-BF66-EDBFEF0D2291}.Debug|iPhoneSimulator.Deploy.0 = Debug|x86
		{35C25BC5-01E3-4D79-BF66-EDBFEF0D2291}.Debug|x64.ActiveCfg = Debug|x64
		{35C25BC5-01E3-4D79-BF66-EDBFEF0D2291}.Debug|x64.Build.0 = Debug|x64
		{35C25BC5-01E3-4D79-BF66-EDBFEF0D2291}.Debug|x64.Deploy.0 = Debug|x64
		{35C25BC5-01E3-4D79-BF66-EDBFEF0D2291}.Debug|x86.ActiveCfg = Debug|x86
		{35C25BC5-01E3-4D79-BF66-EDBFEF0D2291}.Debug|x86.Build.0 = Debug|x86
		{35C25BC5-01E3-4D79-BF66-EDBFEF0D2291}.Debug|x86.Deploy.0 = Debug|x86
		{35C25BC5-01E3-4D79-BF66-EDBFEF0D2291}.Release|Any CPU.ActiveCfg = Release|x86
		{35C25BC5-01E3-4D79-BF66-EDBFEF0D2291}.Release|Any CPU.Build.0 = Release|x86
		{35C25BC5-01E3-4D79-BF66-EDBFEF0D2291}.Release|Any CPU.Deploy.0 = Release|x86
		{35C25BC5-01E3-4D79-BF66-EDBFEF0D2291}.Release|ARM.ActiveCfg = Release|ARM
		{35C25BC5-01E3-4D79-BF66-EDBFEF0D2291}.Release|ARM.Build.0 = Release|ARM
		{35C25BC5-01E3-4D79-BF66-EDBFEF0D2291}.Release|ARM.Deploy.0 = Release|ARM
		{35C25BC5-01E3-4D79-BF66-EDBFEF0D2291}.Release|iPhone.ActiveCfg = Release|x86
		{35C25BC5-01E3-4D79-BF66-EDBFEF0D2291}.Release|iPhone.Build.0 = Release|x86
		{35C25BC5-01E3-4D79-BF66-EDBFEF0D2291}.Release|iPhone.Deploy.0 = Release|x86
		{35C25BC5-01E3-4D79-BF66-EDBFEF0D2291}.Release|iPhoneSimulator.ActiveCfg = Release|x86
		{35C25BC5-01E3-4D79-BF66-EDBFEF0D2291}.Release|x64.ActiveCfg = Release|x64
		{35C25BC5-01E3-4D79-BF66-EDBFEF0D2291}.Release|x64.Build.0 = Release|x64
		{35C25BC5-01E3-4D79-BF66-EDBFEF0D2291}.Release|x64.Deploy.0 = Release|x64
		{35C25BC5-01E3-4D79-BF66-EDBFEF0D2291}.Release|x86.ActiveCfg = Release|x86
		{35C25BC5-01E3-4D79-BF66-EDBFEF0D2291}.Release|x86.Build.0 = Release|x86
		{35C25BC5-01E3-4D79-BF66-EDBFEF0D2291}.Release|x86.Deploy.0 = Release|x86
		{CB03586A-FB6A-4FDA-9737-99885EB49373}.Ad-Hoc|Any CPU.ActiveCfg = Release|Any CPU
		{CB03586A-FB6A-4FDA-9737-99885EB49373}.Ad-Hoc|Any CPU.Build.0 = Release|Any CPU
		{CB03586A-FB6A-4FDA-9737-99885EB49373}.Ad-Hoc|ARM.ActiveCfg = Release|Any CPU
		{CB03586A-FB6A-4FDA-9737-99885EB49373}.Ad-Hoc|ARM.Build.0 = Release|Any CPU
		{CB03586A-FB6A-4FDA-9737-99885EB49373}.Ad-Hoc|iPhone.ActiveCfg = Release|Any CPU
		{CB03586A-FB6A-4FDA-9737-99885EB49373}.Ad-Hoc|iPhone.Build.0 = Release|Any CPU
		{CB03586A-FB6A-4FDA-9737-99885EB49373}.Ad-Hoc|iPhoneSimulator.ActiveCfg = Release|Any CPU
		{CB03586A-FB6A-4FDA-9737-99885EB49373}.Ad-Hoc|iPhoneSimulator.Build.0 = Release|Any CPU
		{CB03586A-FB6A-4FDA-9737-99885EB49373}.Ad-Hoc|x64.ActiveCfg = Release|Any CPU
		{CB03586A-FB6A-4FDA-9737-99885EB49373}.Ad-Hoc|x64.Build.0 = Release|Any CPU
		{CB03586A-FB6A-4FDA-9737-99885EB49373}.Ad-Hoc|x86.ActiveCfg = Release|Any CPU
		{CB03586A-FB6A-4FDA-9737-99885EB49373}.Ad-Hoc|x86.Build.0 = Release|Any CPU
		{CB03586A-FB6A-4FDA-9737-99885EB49373}.AppStore|Any CPU.ActiveCfg = Release|Any CPU
		{CB03586A-FB6A-4FDA-9737-99885EB49373}.AppStore|Any CPU.Build.0 = Release|Any CPU
		{CB03586A-FB6A-4FDA-9737-99885EB49373}.AppStore|ARM.ActiveCfg = Release|Any CPU
		{CB03586A-FB6A-4FDA-9737-99885EB49373}.AppStore|ARM.Build.0 = Release|Any CPU
		{CB03586A-FB6A-4FDA-9737-99885EB49373}.AppStore|iPhone.ActiveCfg = Release|Any CPU
		{CB03586A-FB6A-4FDA-9737-99885EB49373}.AppStore|iPhone.Build.0 = Release|Any CPU
		{CB03586A-FB6A-4FDA-9737-99885EB49373}.AppStore|iPhoneSimulator.ActiveCfg = Release|Any CPU
		{CB03586A-FB6A-4FDA-9737-99885EB49373}.AppStore|iPhoneSimulator.Build.0 = Release|Any CPU
		{CB03586A-FB6A-4FDA-9737-99885EB49373}.AppStore|x64.ActiveCfg = Release|Any CPU
		{CB03586A-FB6A-4FDA-9737-99885EB49373}.AppStore|x64.Build.0 = Release|Any CPU
		{CB03586A-FB6A-4FDA-9737-99885EB49373}.AppStore|x86.ActiveCfg = Release|Any CPU
		{CB03586A-FB6A-4FDA-9737-99885EB49373}.AppStore|x86.Build.0 = Release|Any CPU
		{CB03586A-FB6A-4FDA-9737-99885EB49373}.Debug|Any CPU.ActiveCfg = Debug|Any CPU
		{CB03586A-FB6A-4FDA-9737-99885EB49373}.Debug|Any CPU.Build.0 = Debug|Any CPU
		{CB03586A-FB6A-4FDA-9737-99885EB49373}.Debug|ARM.ActiveCfg = Debug|Any CPU
		{CB03586A-FB6A-4FDA-9737-99885EB49373}.Debug|ARM.Build.0 = Debug|Any CPU
		{CB03586A-FB6A-4FDA-9737-99885EB49373}.Debug|iPhone.ActiveCfg = Debug|Any CPU
		{CB03586A-FB6A-4FDA-9737-99885EB49373}.Debug|iPhone.Build.0 = Debug|Any CPU
		{CB03586A-FB6A-4FDA-9737-99885EB49373}.Debug|iPhoneSimulator.ActiveCfg = Debug|Any CPU
		{CB03586A-FB6A-4FDA-9737-99885EB49373}.Debug|iPhoneSimulator.Build.0 = Debug|Any CPU
		{CB03586A-FB6A-4FDA-9737-99885EB49373}.Debug|x64.ActiveCfg = Debug|Any CPU
		{CB03586A-FB6A-4FDA-9737-99885EB49373}.Debug|x64.Build.0 = Debug|Any CPU
		{CB03586A-FB6A-4FDA-9737-99885EB49373}.Debug|x86.ActiveCfg = Debug|Any CPU
		{CB03586A-FB6A-4FDA-9737-99885EB49373}.Debug|x86.Build.0 = Debug|Any CPU
		{CB03586A-FB6A-4FDA-9737-99885EB49373}.Release|Any CPU.ActiveCfg = Release|Any CPU
		{CB03586A-FB6A-4FDA-9737-99885EB49373}.Release|Any CPU.Build.0 = Release|Any CPU
		{CB03586A-FB6A-4FDA-9737-99885EB49373}.Release|ARM.ActiveCfg = Release|Any CPU
		{CB03586A-FB6A-4FDA-9737-99885EB49373}.Release|ARM.Build.0 = Release|Any CPU
		{CB03586A-FB6A-4FDA-9737-99885EB49373}.Release|iPhone.ActiveCfg = Release|Any CPU
		{CB03586A-FB6A-4FDA-9737-99885EB49373}.Release|iPhone.Build.0 = Release|Any CPU
		{CB03586A-FB6A-4FDA-9737-99885EB49373}.Release|iPhoneSimulator.ActiveCfg = Release|Any CPU
		{CB03586A-FB6A-4FDA-9737-99885EB49373}.Release|iPhoneSimulator.Build.0 = Release|Any CPU
		{CB03586A-FB6A-4FDA-9737-99885EB49373}.Release|x64.ActiveCfg = Release|Any CPU
		{CB03586A-FB6A-4FDA-9737-99885EB49373}.Release|x64.Build.0 = Release|Any CPU
		{CB03586A-FB6A-4FDA-9737-99885EB49373}.Release|x86.ActiveCfg = Release|Any CPU
		{CB03586A-FB6A-4FDA-9737-99885EB49373}.Release|x86.Build.0 = Release|Any CPU
		{2A8D9051-C583-4B4D-ACF0-66E1BBF53C7B}.Ad-Hoc|Any CPU.ActiveCfg = Release|Any CPU
		{2A8D9051-C583-4B4D-ACF0-66E1BBF53C7B}.Ad-Hoc|Any CPU.Build.0 = Release|Any CPU
		{2A8D9051-C583-4B4D-ACF0-66E1BBF53C7B}.Ad-Hoc|ARM.ActiveCfg = Release|Any CPU
		{2A8D9051-C583-4B4D-ACF0-66E1BBF53C7B}.Ad-Hoc|ARM.Build.0 = Release|Any CPU
		{2A8D9051-C583-4B4D-ACF0-66E1BBF53C7B}.Ad-Hoc|iPhone.ActiveCfg = Release|Any CPU
		{2A8D9051-C583-4B4D-ACF0-66E1BBF53C7B}.Ad-Hoc|iPhone.Build.0 = Release|Any CPU
		{2A8D9051-C583-4B4D-ACF0-66E1BBF53C7B}.Ad-Hoc|iPhoneSimulator.ActiveCfg = Release|Any CPU
		{2A8D9051-C583-4B4D-ACF0-66E1BBF53C7B}.Ad-Hoc|iPhoneSimulator.Build.0 = Release|Any CPU
		{2A8D9051-C583-4B4D-ACF0-66E1BBF53C7B}.Ad-Hoc|x64.ActiveCfg = Release|Any CPU
		{2A8D9051-C583-4B4D-ACF0-66E1BBF53C7B}.Ad-Hoc|x64.Build.0 = Release|Any CPU
		{2A8D9051-C583-4B4D-ACF0-66E1BBF53C7B}.Ad-Hoc|x86.ActiveCfg = Release|Any CPU
		{2A8D9051-C583-4B4D-ACF0-66E1BBF53C7B}.Ad-Hoc|x86.Build.0 = Release|Any CPU
		{2A8D9051-C583-4B4D-ACF0-66E1BBF53C7B}.AppStore|Any CPU.ActiveCfg = Release|Any CPU
		{2A8D9051-C583-4B4D-ACF0-66E1BBF53C7B}.AppStore|Any CPU.Build.0 = Release|Any CPU
		{2A8D9051-C583-4B4D-ACF0-66E1BBF53C7B}.AppStore|ARM.ActiveCfg = Release|Any CPU
		{2A8D9051-C583-4B4D-ACF0-66E1BBF53C7B}.AppStore|ARM.Build.0 = Release|Any CPU
		{2A8D9051-C583-4B4D-ACF0-66E1BBF53C7B}.AppStore|iPhone.ActiveCfg = Release|Any CPU
		{2A8D9051-C583-4B4D-ACF0-66E1BBF53C7B}.AppStore|iPhone.Build.0 = Release|Any CPU
		{2A8D9051-C583-4B4D-ACF0-66E1BBF53C7B}.AppStore|iPhoneSimulator.ActiveCfg = Release|Any CPU
		{2A8D9051-C583-4B4D-ACF0-66E1BBF53C7B}.AppStore|iPhoneSimulator.Build.0 = Release|Any CPU
		{2A8D9051-C583-4B4D-ACF0-66E1BBF53C7B}.AppStore|x64.ActiveCfg = Release|Any CPU
		{2A8D9051-C583-4B4D-ACF0-66E1BBF53C7B}.AppStore|x64.Build.0 = Release|Any CPU
		{2A8D9051-C583-4B4D-ACF0-66E1BBF53C7B}.AppStore|x86.ActiveCfg = Release|Any CPU
		{2A8D9051-C583-4B4D-ACF0-66E1BBF53C7B}.AppStore|x86.Build.0 = Release|Any CPU
		{2A8D9051-C583-4B4D-ACF0-66E1BBF53C7B}.Debug|Any CPU.ActiveCfg = Debug|Any CPU
		{2A8D9051-C583-4B4D-ACF0-66E1BBF53C7B}.Debug|Any CPU.Build.0 = Debug|Any CPU
		{2A8D9051-C583-4B4D-ACF0-66E1BBF53C7B}.Debug|ARM.ActiveCfg = Debug|Any CPU
		{2A8D9051-C583-4B4D-ACF0-66E1BBF53C7B}.Debug|ARM.Build.0 = Debug|Any CPU
		{2A8D9051-C583-4B4D-ACF0-66E1BBF53C7B}.Debug|iPhone.ActiveCfg = Debug|Any CPU
		{2A8D9051-C583-4B4D-ACF0-66E1BBF53C7B}.Debug|iPhone.Build.0 = Debug|Any CPU
		{2A8D9051-C583-4B4D-ACF0-66E1BBF53C7B}.Debug|iPhoneSimulator.ActiveCfg = Debug|Any CPU
		{2A8D9051-C583-4B4D-ACF0-66E1BBF53C7B}.Debug|iPhoneSimulator.Build.0 = Debug|Any CPU
		{2A8D9051-C583-4B4D-ACF0-66E1BBF53C7B}.Debug|x64.ActiveCfg = Debug|Any CPU
		{2A8D9051-C583-4B4D-ACF0-66E1BBF53C7B}.Debug|x64.Build.0 = Debug|Any CPU
		{2A8D9051-C583-4B4D-ACF0-66E1BBF53C7B}.Debug|x86.ActiveCfg = Debug|Any CPU
		{2A8D9051-C583-4B4D-ACF0-66E1BBF53C7B}.Debug|x86.Build.0 = Debug|Any CPU
		{2A8D9051-C583-4B4D-ACF0-66E1BBF53C7B}.Release|Any CPU.ActiveCfg = Release|Any CPU
		{2A8D9051-C583-4B4D-ACF0-66E1BBF53C7B}.Release|Any CPU.Build.0 = Release|Any CPU
		{2A8D9051-C583-4B4D-ACF0-66E1BBF53C7B}.Release|ARM.ActiveCfg = Release|Any CPU
		{2A8D9051-C583-4B4D-ACF0-66E1BBF53C7B}.Release|ARM.Build.0 = Release|Any CPU
		{2A8D9051-C583-4B4D-ACF0-66E1BBF53C7B}.Release|iPhone.ActiveCfg = Release|Any CPU
		{2A8D9051-C583-4B4D-ACF0-66E1BBF53C7B}.Release|iPhone.Build.0 = Release|Any CPU
		{2A8D9051-C583-4B4D-ACF0-66E1BBF53C7B}.Release|iPhoneSimulator.ActiveCfg = Release|Any CPU
		{2A8D9051-C583-4B4D-ACF0-66E1BBF53C7B}.Release|iPhoneSimulator.Build.0 = Release|Any CPU
		{2A8D9051-C583-4B4D-ACF0-66E1BBF53C7B}.Release|x64.ActiveCfg = Release|Any CPU
		{2A8D9051-C583-4B4D-ACF0-66E1BBF53C7B}.Release|x64.Build.0 = Release|Any CPU
		{2A8D9051-C583-4B4D-ACF0-66E1BBF53C7B}.Release|x86.ActiveCfg = Release|Any CPU
		{2A8D9051-C583-4B4D-ACF0-66E1BBF53C7B}.Release|x86.Build.0 = Release|Any CPU
		{615C1268-A9EB-407C-84CF-A2824CE5D73B}.Ad-Hoc|Any CPU.ActiveCfg = Release|Any CPU
		{615C1268-A9EB-407C-84CF-A2824CE5D73B}.Ad-Hoc|Any CPU.Build.0 = Release|Any CPU
		{615C1268-A9EB-407C-84CF-A2824CE5D73B}.Ad-Hoc|ARM.ActiveCfg = Release|Any CPU
		{615C1268-A9EB-407C-84CF-A2824CE5D73B}.Ad-Hoc|ARM.Build.0 = Release|Any CPU
		{615C1268-A9EB-407C-84CF-A2824CE5D73B}.Ad-Hoc|iPhone.ActiveCfg = Release|Any CPU
		{615C1268-A9EB-407C-84CF-A2824CE5D73B}.Ad-Hoc|iPhone.Build.0 = Release|Any CPU
		{615C1268-A9EB-407C-84CF-A2824CE5D73B}.Ad-Hoc|iPhoneSimulator.ActiveCfg = Release|Any CPU
		{615C1268-A9EB-407C-84CF-A2824CE5D73B}.Ad-Hoc|iPhoneSimulator.Build.0 = Release|Any CPU
		{615C1268-A9EB-407C-84CF-A2824CE5D73B}.Ad-Hoc|x64.ActiveCfg = Release|Any CPU
		{615C1268-A9EB-407C-84CF-A2824CE5D73B}.Ad-Hoc|x64.Build.0 = Release|Any CPU
		{615C1268-A9EB-407C-84CF-A2824CE5D73B}.Ad-Hoc|x86.ActiveCfg = Release|Any CPU
		{615C1268-A9EB-407C-84CF-A2824CE5D73B}.Ad-Hoc|x86.Build.0 = Release|Any CPU
		{615C1268-A9EB-407C-84CF-A2824CE5D73B}.AppStore|Any CPU.ActiveCfg = Release|Any CPU
		{615C1268-A9EB-407C-84CF-A2824CE5D73B}.AppStore|Any CPU.Build.0 = Release|Any CPU
		{615C1268-A9EB-407C-84CF-A2824CE5D73B}.AppStore|ARM.ActiveCfg = Release|Any CPU
		{615C1268-A9EB-407C-84CF-A2824CE5D73B}.AppStore|ARM.Build.0 = Release|Any CPU
		{615C1268-A9EB-407C-84CF-A2824CE5D73B}.AppStore|iPhone.ActiveCfg = Release|Any CPU
		{615C1268-A9EB-407C-84CF-A2824CE5D73B}.AppStore|iPhone.Build.0 = Release|Any CPU
		{615C1268-A9EB-407C-84CF-A2824CE5D73B}.AppStore|iPhoneSimulator.ActiveCfg = Release|Any CPU
		{615C1268-A9EB-407C-84CF-A2824CE5D73B}.AppStore|iPhoneSimulator.Build.0 = Release|Any CPU
		{615C1268-A9EB-407C-84CF-A2824CE5D73B}.AppStore|x64.ActiveCfg = Release|Any CPU
		{615C1268-A9EB-407C-84CF-A2824CE5D73B}.AppStore|x64.Build.0 = Release|Any CPU
		{615C1268-A9EB-407C-84CF-A2824CE5D73B}.AppStore|x86.ActiveCfg = Release|Any CPU
		{615C1268-A9EB-407C-84CF-A2824CE5D73B}.AppStore|x86.Build.0 = Release|Any CPU
		{615C1268-A9EB-407C-84CF-A2824CE5D73B}.Debug|Any CPU.ActiveCfg = Debug|Any CPU
		{615C1268-A9EB-407C-84CF-A2824CE5D73B}.Debug|Any CPU.Build.0 = Debug|Any CPU
		{615C1268-A9EB-407C-84CF-A2824CE5D73B}.Debug|ARM.ActiveCfg = Debug|Any CPU
		{615C1268-A9EB-407C-84CF-A2824CE5D73B}.Debug|ARM.Build.0 = Debug|Any CPU
		{615C1268-A9EB-407C-84CF-A2824CE5D73B}.Debug|iPhone.ActiveCfg = Debug|Any CPU
		{615C1268-A9EB-407C-84CF-A2824CE5D73B}.Debug|iPhone.Build.0 = Debug|Any CPU
		{615C1268-A9EB-407C-84CF-A2824CE5D73B}.Debug|iPhoneSimulator.ActiveCfg = Debug|Any CPU
		{615C1268-A9EB-407C-84CF-A2824CE5D73B}.Debug|iPhoneSimulator.Build.0 = Debug|Any CPU
		{615C1268-A9EB-407C-84CF-A2824CE5D73B}.Debug|x64.ActiveCfg = Debug|Any CPU
		{615C1268-A9EB-407C-84CF-A2824CE5D73B}.Debug|x64.Build.0 = Debug|Any CPU
		{615C1268-A9EB-407C-84CF-A2824CE5D73B}.Debug|x86.ActiveCfg = Debug|Any CPU
		{615C1268-A9EB-407C-84CF-A2824CE5D73B}.Debug|x86.Build.0 = Debug|Any CPU
		{615C1268-A9EB-407C-84CF-A2824CE5D73B}.Release|Any CPU.ActiveCfg = Release|Any CPU
		{615C1268-A9EB-407C-84CF-A2824CE5D73B}.Release|Any CPU.Build.0 = Release|Any CPU
		{615C1268-A9EB-407C-84CF-A2824CE5D73B}.Release|ARM.ActiveCfg = Release|Any CPU
		{615C1268-A9EB-407C-84CF-A2824CE5D73B}.Release|ARM.Build.0 = Release|Any CPU
		{615C1268-A9EB-407C-84CF-A2824CE5D73B}.Release|iPhone.ActiveCfg = Release|Any CPU
		{615C1268-A9EB-407C-84CF-A2824CE5D73B}.Release|iPhone.Build.0 = Release|Any CPU
		{615C1268-A9EB-407C-84CF-A2824CE5D73B}.Release|iPhoneSimulator.ActiveCfg = Release|Any CPU
		{615C1268-A9EB-407C-84CF-A2824CE5D73B}.Release|iPhoneSimulator.Build.0 = Release|Any CPU
		{615C1268-A9EB-407C-84CF-A2824CE5D73B}.Release|x64.ActiveCfg = Release|Any CPU
		{615C1268-A9EB-407C-84CF-A2824CE5D73B}.Release|x64.Build.0 = Release|Any CPU
		{615C1268-A9EB-407C-84CF-A2824CE5D73B}.Release|x86.ActiveCfg = Release|Any CPU
		{615C1268-A9EB-407C-84CF-A2824CE5D73B}.Release|x86.Build.0 = Release|Any CPU
		{2F93CD47-BA7D-4F88-8338-F8CC2E220C7A}.Ad-Hoc|Any CPU.ActiveCfg = Release|Any CPU
		{2F93CD47-BA7D-4F88-8338-F8CC2E220C7A}.Ad-Hoc|Any CPU.Build.0 = Release|Any CPU
		{2F93CD47-BA7D-4F88-8338-F8CC2E220C7A}.Ad-Hoc|ARM.ActiveCfg = Release|Any CPU
		{2F93CD47-BA7D-4F88-8338-F8CC2E220C7A}.Ad-Hoc|ARM.Build.0 = Release|Any CPU
		{2F93CD47-BA7D-4F88-8338-F8CC2E220C7A}.Ad-Hoc|iPhone.ActiveCfg = Release|Any CPU
		{2F93CD47-BA7D-4F88-8338-F8CC2E220C7A}.Ad-Hoc|iPhone.Build.0 = Release|Any CPU
		{2F93CD47-BA7D-4F88-8338-F8CC2E220C7A}.Ad-Hoc|iPhoneSimulator.ActiveCfg = Release|Any CPU
		{2F93CD47-BA7D-4F88-8338-F8CC2E220C7A}.Ad-Hoc|iPhoneSimulator.Build.0 = Release|Any CPU
		{2F93CD47-BA7D-4F88-8338-F8CC2E220C7A}.Ad-Hoc|x64.ActiveCfg = Release|Any CPU
		{2F93CD47-BA7D-4F88-8338-F8CC2E220C7A}.Ad-Hoc|x64.Build.0 = Release|Any CPU
		{2F93CD47-BA7D-4F88-8338-F8CC2E220C7A}.Ad-Hoc|x86.ActiveCfg = Release|Any CPU
		{2F93CD47-BA7D-4F88-8338-F8CC2E220C7A}.Ad-Hoc|x86.Build.0 = Release|Any CPU
		{2F93CD47-BA7D-4F88-8338-F8CC2E220C7A}.AppStore|Any CPU.ActiveCfg = Release|Any CPU
		{2F93CD47-BA7D-4F88-8338-F8CC2E220C7A}.AppStore|Any CPU.Build.0 = Release|Any CPU
		{2F93CD47-BA7D-4F88-8338-F8CC2E220C7A}.AppStore|ARM.ActiveCfg = Release|Any CPU
		{2F93CD47-BA7D-4F88-8338-F8CC2E220C7A}.AppStore|ARM.Build.0 = Release|Any CPU
		{2F93CD47-BA7D-4F88-8338-F8CC2E220C7A}.AppStore|iPhone.ActiveCfg = Release|Any CPU
		{2F93CD47-BA7D-4F88-8338-F8CC2E220C7A}.AppStore|iPhone.Build.0 = Release|Any CPU
		{2F93CD47-BA7D-4F88-8338-F8CC2E220C7A}.AppStore|iPhoneSimulator.ActiveCfg = Release|Any CPU
		{2F93CD47-BA7D-4F88-8338-F8CC2E220C7A}.AppStore|iPhoneSimulator.Build.0 = Release|Any CPU
		{2F93CD47-BA7D-4F88-8338-F8CC2E220C7A}.AppStore|x64.ActiveCfg = Release|Any CPU
		{2F93CD47-BA7D-4F88-8338-F8CC2E220C7A}.AppStore|x64.Build.0 = Release|Any CPU
		{2F93CD47-BA7D-4F88-8338-F8CC2E220C7A}.AppStore|x86.ActiveCfg = Release|Any CPU
		{2F93CD47-BA7D-4F88-8338-F8CC2E220C7A}.AppStore|x86.Build.0 = Release|Any CPU
		{2F93CD47-BA7D-4F88-8338-F8CC2E220C7A}.Debug|Any CPU.ActiveCfg = Debug|Any CPU
		{2F93CD47-BA7D-4F88-8338-F8CC2E220C7A}.Debug|Any CPU.Build.0 = Debug|Any CPU
		{2F93CD47-BA7D-4F88-8338-F8CC2E220C7A}.Debug|ARM.ActiveCfg = Debug|Any CPU
		{2F93CD47-BA7D-4F88-8338-F8CC2E220C7A}.Debug|ARM.Build.0 = Debug|Any CPU
		{2F93CD47-BA7D-4F88-8338-F8CC2E220C7A}.Debug|iPhone.ActiveCfg = Debug|Any CPU
		{2F93CD47-BA7D-4F88-8338-F8CC2E220C7A}.Debug|iPhone.Build.0 = Debug|Any CPU
		{2F93CD47-BA7D-4F88-8338-F8CC2E220C7A}.Debug|iPhoneSimulator.ActiveCfg = Debug|Any CPU
		{2F93CD47-BA7D-4F88-8338-F8CC2E220C7A}.Debug|iPhoneSimulator.Build.0 = Debug|Any CPU
		{2F93CD47-BA7D-4F88-8338-F8CC2E220C7A}.Debug|x64.ActiveCfg = Debug|Any CPU
		{2F93CD47-BA7D-4F88-8338-F8CC2E220C7A}.Debug|x64.Build.0 = Debug|Any CPU
		{2F93CD47-BA7D-4F88-8338-F8CC2E220C7A}.Debug|x86.ActiveCfg = Debug|Any CPU
		{2F93CD47-BA7D-4F88-8338-F8CC2E220C7A}.Debug|x86.Build.0 = Debug|Any CPU
		{2F93CD47-BA7D-4F88-8338-F8CC2E220C7A}.Release|Any CPU.ActiveCfg = Release|Any CPU
		{2F93CD47-BA7D-4F88-8338-F8CC2E220C7A}.Release|Any CPU.Build.0 = Release|Any CPU
		{2F93CD47-BA7D-4F88-8338-F8CC2E220C7A}.Release|ARM.ActiveCfg = Release|Any CPU
		{2F93CD47-BA7D-4F88-8338-F8CC2E220C7A}.Release|ARM.Build.0 = Release|Any CPU
		{2F93CD47-BA7D-4F88-8338-F8CC2E220C7A}.Release|iPhone.ActiveCfg = Release|Any CPU
		{2F93CD47-BA7D-4F88-8338-F8CC2E220C7A}.Release|iPhone.Build.0 = Release|Any CPU
		{2F93CD47-BA7D-4F88-8338-F8CC2E220C7A}.Release|iPhoneSimulator.ActiveCfg = Release|Any CPU
		{2F93CD47-BA7D-4F88-8338-F8CC2E220C7A}.Release|iPhoneSimulator.Build.0 = Release|Any CPU
		{2F93CD47-BA7D-4F88-8338-F8CC2E220C7A}.Release|x64.ActiveCfg = Release|Any CPU
		{2F93CD47-BA7D-4F88-8338-F8CC2E220C7A}.Release|x64.Build.0 = Release|Any CPU
		{2F93CD47-BA7D-4F88-8338-F8CC2E220C7A}.Release|x86.ActiveCfg = Release|Any CPU
		{2F93CD47-BA7D-4F88-8338-F8CC2E220C7A}.Release|x86.Build.0 = Release|Any CPU
	EndGlobalSection
	GlobalSection(SolutionProperties) = preSolution
		HideSolutionNode = FALSE
	EndGlobalSection
	GlobalSection(NestedProjects) = preSolution
		{8234C32E-9D14-4B48-A34D-114A529989DA} = {68B80477-0788-4D7B-8798-5AEFE0F1F012}
		{EE2E2EFC-68BD-4C37-BEBD-B08C0121D6C9} = {9F528E2D-F241-4F47-9F29-4AF8C6192E06}
		{4258EBB1-5E82-4DB2-B48A-A36088F4018D} = {9F528E2D-F241-4F47-9F29-4AF8C6192E06}
		{35C25BC5-01E3-4D79-BF66-EDBFEF0D2291} = {9F528E2D-F241-4F47-9F29-4AF8C6192E06}
		{68B80477-0788-4D7B-8798-5AEFE0F1F012} = {EFB17025-48C6-4CDC-B6F1-0469F0A51EEE}
		{9F528E2D-F241-4F47-9F29-4AF8C6192E06} = {EFB17025-48C6-4CDC-B6F1-0469F0A51EEE}
		{D9DF4172-DEA3-4F0B-AAE2-2B792423B3D2} = {EFB17025-48C6-4CDC-B6F1-0469F0A51EEE}
		{CB03586A-FB6A-4FDA-9737-99885EB49373} = {D9DF4172-DEA3-4F0B-AAE2-2B792423B3D2}
		{2A8D9051-C583-4B4D-ACF0-66E1BBF53C7B} = {C9BCA4F1-F1AF-4BF3-AA0F-225D0880AB68}
		{615C1268-A9EB-407C-84CF-A2824CE5D73B} = {C9BCA4F1-F1AF-4BF3-AA0F-225D0880AB68}
		{2F93CD47-BA7D-4F88-8338-F8CC2E220C7A} = {C9BCA4F1-F1AF-4BF3-AA0F-225D0880AB68}
	EndGlobalSection
EndGlobal
